{
  "version": 4,
  "terraform_version": "1.8.4",
  "serial": 18,
  "lineage": "931df927-9e44-583e-113b-dff36c10c288",
  "outputs": {},
  "resources": [
    {
      "mode": "managed",
      "type": "aws_route_table",
      "name": "rt_private_subnet",
      "provider": "provider[\"registry.terraform.io/hashicorp/aws\"]",
      "instances": [
        {
          "schema_version": 0,
          "attributes": {
            "arn": "arn:aws:ec2:us-east-1:926664221711:route-table/rtb-0bd0c6a529ebc88e3",
            "id": "rtb-0bd0c6a529ebc88e3",
            "owner_id": "926664221711",
            "propagating_vgws": [],
            "route": [],
            "tags": {
              "Name": "RT-AWS-LABS-PRIV"
            },
            "tags_all": {
              "IAC": "Terraform",
              "IAC_Version": "1.9.2",
              "Name": "RT-AWS-LABS-PRIV",
              "cloud": "AWS",
              "env": "develop",
              "owner": "Miguel",
              "project": "AWS-SAA-C03",
              "region": "virginia"
            },
            "timeouts": null,
            "vpc_id": "vpc-0616f9f0c87933871"
          },
          "sensitive_attributes": [],
          "private": "eyJlMmJmYjczMC1lY2FhLTExZTYtOGY4OC0zNDM2M2JjN2M0YzAiOnsiY3JlYXRlIjozMDAwMDAwMDAwMDAsImRlbGV0ZSI6MzAwMDAwMDAwMDAwLCJ1cGRhdGUiOjEyMDAwMDAwMDAwMH19",
          "dependencies": [
            "aws_vpc.vpc_lab"
          ]
        }
      ]
    },
    {
      "mode": "managed",
      "type": "aws_route_table",
      "name": "rt_public_subnet",
      "provider": "provider[\"registry.terraform.io/hashicorp/aws\"]",
      "instances": [
        {
          "schema_version": 0,
          "attributes": {
            "arn": "arn:aws:ec2:us-east-1:926664221711:route-table/rtb-07c05562054ad11d0",
            "id": "rtb-07c05562054ad11d0",
            "owner_id": "926664221711",
            "propagating_vgws": [],
            "route": [],
            "tags": {
              "Name": "RT-AWS-LABS-PUB"
            },
            "tags_all": {
              "IAC": "Terraform",
              "IAC_Version": "1.9.2",
              "Name": "RT-AWS-LABS-PUB",
              "cloud": "AWS",
              "env": "develop",
              "owner": "Miguel",
              "project": "AWS-SAA-C03",
              "region": "virginia"
            },
            "timeouts": null,
            "vpc_id": "vpc-0616f9f0c87933871"
          },
          "sensitive_attributes": [],
          "private": "eyJlMmJmYjczMC1lY2FhLTExZTYtOGY4OC0zNDM2M2JjN2M0YzAiOnsiY3JlYXRlIjozMDAwMDAwMDAwMDAsImRlbGV0ZSI6MzAwMDAwMDAwMDAwLCJ1cGRhdGUiOjEyMDAwMDAwMDAwMH19",
          "dependencies": [
            "aws_vpc.vpc_lab"
          ]
        }
      ]
    },
    {
      "mode": "managed",
      "type": "aws_route_table_association",
      "name": "rt_private_subnet_association",
      "provider": "provider[\"registry.terraform.io/hashicorp/aws\"]",
      "instances": [
        {
          "schema_version": 0,
          "attributes": {
            "gateway_id": "",
            "id": "rtbassoc-0c1c75f8610df95e7",
            "route_table_id": "rtb-0bd0c6a529ebc88e3",
            "subnet_id": "subnet-0d1207786f84a3372",
            "timeouts": null
          },
          "sensitive_attributes": [],
          "private": "eyJlMmJmYjczMC1lY2FhLTExZTYtOGY4OC0zNDM2M2JjN2M0YzAiOnsiY3JlYXRlIjozMDAwMDAwMDAwMDAsImRlbGV0ZSI6MzAwMDAwMDAwMDAwLCJ1cGRhdGUiOjEyMDAwMDAwMDAwMH19",
          "dependencies": [
            "aws_route_table.rt_private_subnet",
            "aws_subnet.my_private_subnet",
            "aws_vpc.vpc_lab"
          ]
        }
      ]
    },
    {
      "mode": "managed",
      "type": "aws_route_table_association",
      "name": "rt_public_subnet_association",
      "provider": "provider[\"registry.terraform.io/hashicorp/aws\"]",
      "instances": [
        {
          "schema_version": 0,
          "attributes": {
            "gateway_id": "",
            "id": "rtbassoc-0ddf8855f6a6be9d2",
            "route_table_id": "rtb-07c05562054ad11d0",
            "subnet_id": "subnet-0605f58d79d37c115",
            "timeouts": null
          },
          "sensitive_attributes": [],
          "private": "eyJlMmJmYjczMC1lY2FhLTExZTYtOGY4OC0zNDM2M2JjN2M0YzAiOnsiY3JlYXRlIjozMDAwMDAwMDAwMDAsImRlbGV0ZSI6MzAwMDAwMDAwMDAwLCJ1cGRhdGUiOjEyMDAwMDAwMDAwMH19",
          "dependencies": [
            "aws_route_table.rt_public_subnet",
            "aws_subnet.my_public_subnet",
            "aws_vpc.vpc_lab"
          ]
        }
      ]
    },
    {
      "mode": "managed",
      "type": "aws_subnet",
      "name": "my_private_subnet",
      "provider": "provider[\"registry.terraform.io/hashicorp/aws\"]",
      "instances": [
        {
          "schema_version": 1,
          "attributes": {
            "arn": "arn:aws:ec2:us-east-1:926664221711:subnet/subnet-0d1207786f84a3372",
            "assign_ipv6_address_on_creation": false,
            "availability_zone": "us-east-1a",
            "availability_zone_id": "use1-az6",
            "cidr_block": "192.168.2.0/23",
            "customer_owned_ipv4_pool": "",
            "enable_dns64": false,
            "enable_lni_at_device_index": 0,
            "enable_resource_name_dns_a_record_on_launch": false,
            "enable_resource_name_dns_aaaa_record_on_launch": false,
            "id": "subnet-0d1207786f84a3372",
            "ipv6_cidr_block": "",
            "ipv6_cidr_block_association_id": "",
            "ipv6_native": false,
            "map_customer_owned_ip_on_launch": false,
            "map_public_ip_on_launch": false,
            "outpost_arn": "",
            "owner_id": "926664221711",
            "private_dns_hostname_type_on_launch": "ip-name",
            "tags": {
              "Name": "SUBNET-PRIV-A"
            },
            "tags_all": {
              "IAC": "Terraform",
              "IAC_Version": "1.9.2",
              "Name": "SUBNET-PRIV-A",
              "cloud": "AWS",
              "env": "develop",
              "owner": "Miguel",
              "project": "AWS-SAA-C03",
              "region": "virginia"
            },
            "timeouts": null,
            "vpc_id": "vpc-0616f9f0c87933871"
          },
          "sensitive_attributes": [],
          "private": "eyJlMmJmYjczMC1lY2FhLTExZTYtOGY4OC0zNDM2M2JjN2M0YzAiOnsiY3JlYXRlIjo2MDAwMDAwMDAwMDAsImRlbGV0ZSI6MTIwMDAwMDAwMDAwMH0sInNjaGVtYV92ZXJzaW9uIjoiMSJ9",
          "dependencies": [
            "aws_vpc.vpc_lab"
          ]
        }
      ]
    },
    {
      "mode": "managed",
      "type": "aws_subnet",
      "name": "my_public_subnet",
      "provider": "provider[\"registry.terraform.io/hashicorp/aws\"]",
      "instances": [
        {
          "schema_version": 1,
          "attributes": {
            "arn": "arn:aws:ec2:us-east-1:926664221711:subnet/subnet-0605f58d79d37c115",
            "assign_ipv6_address_on_creation": false,
            "availability_zone": "us-east-1a",
            "availability_zone_id": "use1-az6",
            "cidr_block": "192.168.0.0/24",
            "customer_owned_ipv4_pool": "",
            "enable_dns64": false,
            "enable_lni_at_device_index": 0,
            "enable_resource_name_dns_a_record_on_launch": false,
            "enable_resource_name_dns_aaaa_record_on_launch": false,
            "id": "subnet-0605f58d79d37c115",
            "ipv6_cidr_block": "",
            "ipv6_cidr_block_association_id": "",
            "ipv6_native": false,
            "map_customer_owned_ip_on_launch": false,
            "map_public_ip_on_launch": false,
            "outpost_arn": "",
            "owner_id": "926664221711",
            "private_dns_hostname_type_on_launch": "ip-name",
            "tags": {
              "Name": "SUBNET-PUB-A"
            },
            "tags_all": {
              "IAC": "Terraform",
              "IAC_Version": "1.9.2",
              "Name": "SUBNET-PUB-A",
              "cloud": "AWS",
              "env": "develop",
              "owner": "Miguel",
              "project": "AWS-SAA-C03",
              "region": "virginia"
            },
            "timeouts": null,
            "vpc_id": "vpc-0616f9f0c87933871"
          },
          "sensitive_attributes": [],
          "private": "eyJlMmJmYjczMC1lY2FhLTExZTYtOGY4OC0zNDM2M2JjN2M0YzAiOnsiY3JlYXRlIjo2MDAwMDAwMDAwMDAsImRlbGV0ZSI6MTIwMDAwMDAwMDAwMH0sInNjaGVtYV92ZXJzaW9uIjoiMSJ9",
          "dependencies": [
            "aws_vpc.vpc_lab"
          ]
        }
      ]
    },
    {
      "mode": "managed",
      "type": "aws_vpc",
      "name": "vpc_lab",
      "provider": "provider[\"registry.terraform.io/hashicorp/aws\"]",
      "instances": [
        {
          "schema_version": 1,
          "attributes": {
            "arn": "arn:aws:ec2:us-east-1:926664221711:vpc/vpc-0616f9f0c87933871",
            "assign_generated_ipv6_cidr_block": false,
            "cidr_block": "192.168.0.0/22",
            "default_network_acl_id": "acl-0b439d5c61df2d1cc",
            "default_route_table_id": "rtb-07412c5a6900b7110",
            "default_security_group_id": "sg-06d1ef871eb41c06b",
            "dhcp_options_id": "dopt-00858ee10d6fa1059",
            "enable_dns_hostnames": false,
            "enable_dns_support": true,
            "enable_network_address_usage_metrics": false,
            "id": "vpc-0616f9f0c87933871",
            "instance_tenancy": "default",
            "ipv4_ipam_pool_id": null,
            "ipv4_netmask_length": null,
            "ipv6_association_id": "",
            "ipv6_cidr_block": "",
            "ipv6_cidr_block_network_border_group": "",
            "ipv6_ipam_pool_id": "",
            "ipv6_netmask_length": 0,
            "main_route_table_id": "rtb-07412c5a6900b7110",
            "owner_id": "926664221711",
            "tags": {
              "Name": "AWS-LABS"
            },
            "tags_all": {
              "IAC": "Terraform",
              "IAC_Version": "1.9.2",
              "Name": "AWS-LABS",
              "cloud": "AWS",
              "env": "develop",
              "owner": "Miguel",
              "project": "AWS-SAA-C03",
              "region": "virginia"
            }
          },
          "sensitive_attributes": [],
          "private": "eyJzY2hlbWFfdmVyc2lvbiI6IjEifQ=="
        }
      ]
    }
  ],
  "check_results": null
}
